
Microsoft Visual Studio Solution File, Format Version 12.00
# Visual Studio 15
VisualStudioVersion = 15.0.28307.489
MinimumVisualStudioVersion = 10.0.40219.1
Project("{FAE04EC0-301F-11D3-BF4B-00C04F79EFBC}") = "RentalAdmin", "RentalAdmin\RentalAdmin.csproj", "{BDB65CA0-845C-4E7A-9A2B-921BF197B018}"
EndProject
Global
	GlobalSection(SolutionConfigurationPlatforms) = preSolution
		Debug|Any CPU = Debug|Any CPU
		Release|Any CPU = Release|Any CPU
	EndGlobalSection
	GlobalSection(ProjectConfigurationPlatforms) = postSolution
		{BDB65CA0-845C-4E7A-9A2B-921BF197B018}.Debug|Any CPU.ActiveCfg = Debug|Any CPU
		{BDB65CA0-845C-4E7A-9A2B-921BF197B018}.Debug|Any CPU.Build.0 = Debug|Any CPU
		{BDB65CA0-845C-4E7A-9A2B-921BF197B018}.Release|Any CPU.ActiveCfg = Release|Any CPU
		{BDB65CA0-845C-4E7A-9A2B-921BF197B018}.Release|Any CPU.Build.0 = Release|Any CPU
	EndGlobalSection
	GlobalSection(SolutionProperties) = preSolution
		HideSolutionNode = FALSE
	EndGlobalSection
	GlobalSection(ExtensibilityGlobals) = postSolution
		SolutionGuid = {0F966D7E-0BBD-4E05-A02C-687D362DED91}
	EndGlobalSection
EndGlobal
